
Microsoft Visual Studio Solution File, Format Version 12.00
# Visual Studio Version 17
VisualStudioVersion = 17.0.32002.185
MinimumVisualStudioVersion = 10.0.40219.1
Project("{9A19103F-16F7-4668-BE54-9A1E7A4F7556}") = "SingletonApp", "SingletonApp\SingletonApp.csproj", "{CD014708-8589-42D0-9438-6C7A50FB676C}"
EndProject
Project("{9A19103F-16F7-4668-BE54-9A1E7A4F7556}") = "FactorySample_1", "FactorySample_1\FactorySample_1.csproj", "{3A4A60A9-1142-42B8-AC78-B12562D0E07C}"
EndProject
Project("{9A19103F-16F7-4668-BE54-9A1E7A4F7556}") = "FactoryMethodPizza", "FactoryMethodPizza\FactoryMethodPizza.csproj", "{EE57958B-BDF2-411C-8188-4848C2F3C531}"
EndProject
Project("{9A19103F-16F7-4668-BE54-9A1E7A4F7556}") = "FactoryMethod", "FactoriMethod\FactoryMethod.csproj", "{095C4E54-CEE1-4829-A132-0105382441AE}"
EndProject
Project("{9A19103F-16F7-4668-BE54-9A1E7A4F7556}") = "ObserverPattern", "UML_Diagramma_1\ObserverPattern.csproj", "{94455AE7-7E1A-453F-9062-C98B47CE1F2D}"
EndProject
Project("{9A19103F-16F7-4668-BE54-9A1E7A4F7556}") = "Generics", "Generics\Generics.csproj", "{A0F4D6EB-5291-4432-B757-AA91A009AB31}"
EndProject
Project("{9A19103F-16F7-4668-BE54-9A1E7A4F7556}") = "PolyMorphizmusApp", "PolyMorphizmusApp\PolyMorphizmusApp.csproj", "{78CF94A8-7135-42CF-B0C8-42270CBC738A}"
EndProject
Project("{9A19103F-16F7-4668-BE54-9A1E7A4F7556}") = "Strategy", "Strategy\Strategy.csproj", "{9B675B40-615A-47AC-8B04-1762F5782EC5}"
EndProject
Project("{9A19103F-16F7-4668-BE54-9A1E7A4F7556}") = "DecorationPattern", "DecorationPattern\DecorationPattern.csproj", "{A9ED4826-B6F3-4084-85F8-AC6972425954}"
EndProject
Project("{FAE04EC0-301F-11D3-BF4B-00C04F79EFBC}") = "CommandPattern", "ComandPattern\CommandPattern.csproj", "{EC001FD2-D218-4FB6-8D03-6E24F0A55106}"
EndProject
Global
	GlobalSection(SolutionConfigurationPlatforms) = preSolution
		Debug|Any CPU = Debug|Any CPU
		Release|Any CPU = Release|Any CPU
	EndGlobalSection
	GlobalSection(ProjectConfigurationPlatforms) = postSolution
		{CD014708-8589-42D0-9438-6C7A50FB676C}.Debug|Any CPU.ActiveCfg = Debug|Any CPU
		{CD014708-8589-42D0-9438-6C7A50FB676C}.Debug|Any CPU.Build.0 = Debug|Any CPU
		{CD014708-8589-42D0-9438-6C7A50FB676C}.Release|Any CPU.ActiveCfg = Release|Any CPU
		{CD014708-8589-42D0-9438-6C7A50FB676C}.Release|Any CPU.Build.0 = Release|Any CPU
		{3A4A60A9-1142-42B8-AC78-B12562D0E07C}.Debug|Any CPU.ActiveCfg = Debug|Any CPU
		{3A4A60A9-1142-42B8-AC78-B12562D0E07C}.Debug|Any CPU.Build.0 = Debug|Any CPU
		{3A4A60A9-1142-42B8-AC78-B12562D0E07C}.Release|Any CPU.ActiveCfg = Release|Any CPU
		{3A4A60A9-1142-42B8-AC78-B12562D0E07C}.Release|Any CPU.Build.0 = Release|Any CPU
		{EE57958B-BDF2-411C-8188-4848C2F3C531}.Debug|Any CPU.ActiveCfg = Debug|Any CPU
		{EE57958B-BDF2-411C-8188-4848C2F3C531}.Debug|Any CPU.Build.0 = Debug|Any CPU
		{EE57958B-BDF2-411C-8188-4848C2F3C531}.Release|Any CPU.ActiveCfg = Release|Any CPU
		{EE57958B-BDF2-411C-8188-4848C2F3C531}.Release|Any CPU.Build.0 = Release|Any CPU
		{095C4E54-CEE1-4829-A132-0105382441AE}.Debug|Any CPU.ActiveCfg = Debug|Any CPU
		{095C4E54-CEE1-4829-A132-0105382441AE}.Debug|Any CPU.Build.0 = Debug|Any CPU
		{095C4E54-CEE1-4829-A132-0105382441AE}.Release|Any CPU.ActiveCfg = Release|Any CPU
		{095C4E54-CEE1-4829-A132-0105382441AE}.Release|Any CPU.Build.0 = Release|Any CPU
		{94455AE7-7E1A-453F-9062-C98B47CE1F2D}.Debug|Any CPU.ActiveCfg = Debug|Any CPU
		{94455AE7-7E1A-453F-9062-C98B47CE1F2D}.Debug|Any CPU.Build.0 = Debug|Any CPU
		{94455AE7-7E1A-453F-9062-C98B47CE1F2D}.Release|Any CPU.ActiveCfg = Release|Any CPU
		{94455AE7-7E1A-453F-9062-C98B47CE1F2D}.Release|Any CPU.Build.0 = Release|Any CPU
		{A0F4D6EB-5291-4432-B757-AA91A009AB31}.Debug|Any CPU.ActiveCfg = Debug|Any CPU
		{A0F4D6EB-5291-4432-B757-AA91A009AB31}.Debug|Any CPU.Build.0 = Debug|Any CPU
		{A0F4D6EB-5291-4432-B757-AA91A009AB31}.Release|Any CPU.ActiveCfg = Release|Any CPU
		{A0F4D6EB-5291-4432-B757-AA91A009AB31}.Release|Any CPU.Build.0 = Release|Any CPU
		{78CF94A8-7135-42CF-B0C8-42270CBC738A}.Debug|Any CPU.ActiveCfg = Debug|Any CPU
		{78CF94A8-7135-42CF-B0C8-42270CBC738A}.Debug|Any CPU.Build.0 = Debug|Any CPU
		{78CF94A8-7135-42CF-B0C8-42270CBC738A}.Release|Any CPU.ActiveCfg = Release|Any CPU
		{78CF94A8-7135-42CF-B0C8-42270CBC738A}.Release|Any CPU.Build.0 = Release|Any CPU
		{9B675B40-615A-47AC-8B04-1762F5782EC5}.Debug|Any CPU.ActiveCfg = Debug|Any CPU
		{9B675B40-615A-47AC-8B04-1762F5782EC5}.Debug|Any CPU.Build.0 = Debug|Any CPU
		{9B675B40-615A-47AC-8B04-1762F5782EC5}.Release|Any CPU.ActiveCfg = Release|Any CPU
		{9B675B40-615A-47AC-8B04-1762F5782EC5}.Release|Any CPU.Build.0 = Release|Any CPU
		{A9ED4826-B6F3-4084-85F8-AC6972425954}.Debug|Any CPU.ActiveCfg = Debug|Any CPU
		{A9ED4826-B6F3-4084-85F8-AC6972425954}.Debug|Any CPU.Build.0 = Debug|Any CPU
		{A9ED4826-B6F3-4084-85F8-AC6972425954}.Release|Any CPU.ActiveCfg = Release|Any CPU
		{A9ED4826-B6F3-4084-85F8-AC6972425954}.Release|Any CPU.Build.0 = Release|Any CPU
		{EC001FD2-D218-4FB6-8D03-6E24F0A55106}.Debug|Any CPU.ActiveCfg = Debug|Any CPU
		{EC001FD2-D218-4FB6-8D03-6E24F0A55106}.Debug|Any CPU.Build.0 = Debug|Any CPU
		{EC001FD2-D218-4FB6-8D03-6E24F0A55106}.Release|Any CPU.ActiveCfg = Release|Any CPU
		{EC001FD2-D218-4FB6-8D03-6E24F0A55106}.Release|Any CPU.Build.0 = Release|Any CPU
	EndGlobalSection
	GlobalSection(SolutionProperties) = preSolution
		HideSolutionNode = FALSE
	EndGlobalSection
	GlobalSection(ExtensibilityGlobals) = postSolution
		SolutionGuid = {3E3C39C1-0B93-4F39-9F5F-0B4BCDE7D2C5}
	EndGlobalSection
EndGlobal
